
Microsoft Visual Studio Solution File, Format Version 12.00
# Visual Studio Version 17
VisualStudioVersion = 17.13.35806.99
MinimumVisualStudioVersion = 10.0.40219.1
Project("{FAE04EC0-301F-11D3-BF4B-00C04F79EFBC}") = "CppParser", "CppParser\CppParser.csproj", "{E4C7DF6B-60D6-49B7-919E-EBCA415BF56A}"
EndProject
Project("{FAE04EC0-301F-11D3-BF4B-00C04F79EFBC}") = "CppGenerator", "CppGenerator\CppGenerator.csproj", "{791DACE4-A443-4848-BB70-D0B5495D6D00}"
EndProject
Global
	GlobalSection(SolutionConfigurationPlatforms) = preSolution
		Debug|Any CPU = Debug|Any CPU
		Release|Any CPU = Release|Any CPU
	EndGlobalSection
	GlobalSection(ProjectConfigurationPlatforms) = postSolution
		{E4C7DF6B-60D6-49B7-919E-EBCA415BF56A}.Debug|Any CPU.ActiveCfg = Debug|Any CPU
		{E4C7DF6B-60D6-49B7-919E-EBCA415BF56A}.Debug|Any CPU.Build.0 = Debug|Any CPU
		{E4C7DF6B-60D6-49B7-919E-EBCA415BF56A}.Release|Any CPU.ActiveCfg = Release|Any CPU
		{E4C7DF6B-60D6-49B7-919E-EBCA415BF56A}.Release|Any CPU.Build.0 = Release|Any CPU
		{791DACE4-A443-4848-BB70-D0B5495D6D00}.Debug|Any CPU.ActiveCfg = Debug|Any CPU
		{791DACE4-A443-4848-BB70-D0B5495D6D00}.Debug|Any CPU.Build.0 = Debug|Any CPU
		{791DACE4-A443-4848-BB70-D0B5495D6D00}.Release|Any CPU.ActiveCfg = Release|Any CPU
		{791DACE4-A443-4848-BB70-D0B5495D6D00}.Release|Any CPU.Build.0 = Release|Any CPU
	EndGlobalSection
	GlobalSection(SolutionProperties) = preSolution
		HideSolutionNode = FALSE
	EndGlobalSection
	GlobalSection(ExtensibilityGlobals) = postSolution
		SolutionGuid = {33A346A6-CAFE-4CB4-A942-D0C2E93003D9}
	EndGlobalSection
EndGlobal
